<?xml version="1.0" encoding="utf-8"?>
<Project ToolsVersion="4.0" xmlns="http://schemas.microsoft.com/developer/msbuild/2003">
  <ItemGroup>
    <Filter Include="Source Files">
      <UniqueIdentifier>{4FC737F1-C7A5-4376-A066-2A32D752A2FF}</UniqueIdentifier>
      <Extensions>cpp;c;cc;cxx;def;odl;idl;hpj;bat;asm;asmx</Extensions>
    </Filter>
    <Filter Include="Header Files">
      <UniqueIdentifier>{93995380-89BD-4b04-88EB-625FBE52EBFB}</UniqueIdentifier>
      <Extensions>h;hh;hpp;hxx;hm;inl;inc;xsd</Extensions>
    </Filter>
    <Filter Include="Resource Files">
      <UniqueIdentifier>{67DA6AB6-F800-4c08-8B7A-83BB121AAD01}</UniqueIdentifier>
      <Extensions>rc;ico;cur;bmp;dlg;rc2;rct;bin;rgs;gif;jpg;jpeg;jpe;resx;tiff;tif;png;wav;mfcribbon-ms</Extensions>
    </Filter>
  </ItemGroup>
  <ItemGroup>
    <Text Include="ReadMe.txt" />
  </ItemGroup>
  <ItemGroup>
    <ClCompile Include="..\source\MP4.Atom.cpp">
      <Filter>Source Files</Filter>
    </ClCompile>
    <ClCompile Include="..\source\MP4.BinaryStream.cpp">
      <Filter>Source Files</Filter>
    </ClCompile>
    <ClCompile Include="..\source\MP4.BXML.cpp">
      <Filter>Source Files</Filter>
    </ClCompile>
    <ClCompile Include="..\source\MP4.CO64.cpp">
      <Filter>Source Files</Filter>
    </ClCompile>
    <ClCompile Include="..\source\MP4.ContainerAtom.cpp">
      <Filter>Source Files</Filter>
    </ClCompile>
    <ClCompile Include="..\source\MP4.CPRT.cpp">
      <Filter>Source Files</Filter>
    </ClCompile>
    <ClCompile Include="..\source\MP4.CTTS.cpp">
      <Filter>Source Files</Filter>
    </ClCompile>
    <ClCompile Include="..\source\MP4.DataAtom.cpp">
      <Filter>Source Files</Filter>
    </ClCompile>
    <ClCompile Include="..\source\MP4.DREF.cpp">
      <Filter>Source Files</Filter>
    </ClCompile>
    <ClCompile Include="..\source\MP4.ELST.cpp">
      <Filter>Source Files</Filter>
    </ClCompile>
    <ClCompile Include="..\source\MP4.File.cpp">
      <Filter>Source Files</Filter>
    </ClCompile>
    <ClCompile Include="..\source\MP4.FREE.cpp">
      <Filter>Source Files</Filter>
    </ClCompile>
    <ClCompile Include="..\source\MP4.FRMA.cpp">
      <Filter>Source Files</Filter>
    </ClCompile>
    <ClCompile Include="..\source\MP4.FTYP.cpp">
      <Filter>Source Files</Filter>
    </ClCompile>
    <ClCompile Include="..\source\MP4.FullBox.cpp">
      <Filter>Source Files</Filter>
    </ClCompile>
    <ClCompile Include="..\source\MP4.HDLR.cpp">
      <Filter>Source Files</Filter>
    </ClCompile>
    <ClCompile Include="..\source\MP4.HMHD.cpp">
      <Filter>Source Files</Filter>
    </ClCompile>
    <ClCompile Include="..\source\MP4.IINF.cpp">
      <Filter>Source Files</Filter>
    </ClCompile>
    <ClCompile Include="..\source\MP4.ILOC.cpp">
      <Filter>Source Files</Filter>
    </ClCompile>
    <ClCompile Include="..\source\MP4.IMIF.cpp">
      <Filter>Source Files</Filter>
    </ClCompile>
    <ClCompile Include="..\source\MP4.IPMC.cpp">
      <Filter>Source Files</Filter>
    </ClCompile>
    <ClCompile Include="..\source\MP4.MDAT.cpp">
      <Filter>Source Files</Filter>
    </ClCompile>
    <ClCompile Include="..\source\MP4.MDHD.cpp">
      <Filter>Source Files</Filter>
    </ClCompile>
    <ClCompile Include="..\source\MP4.MEHD.cpp">
      <Filter>Source Files</Filter>
    </ClCompile>
    <ClCompile Include="..\source\MP4.MFHD.cpp">
      <Filter>Source Files</Filter>
    </ClCompile>
    <ClCompile Include="..\source\MP4.MFRO.cpp">
      <Filter>Source Files</Filter>
    </ClCompile>
    <ClCompile Include="..\source\MP4.MVHD.cpp">
      <Filter>Source Files</Filter>
    </ClCompile>
    <ClCompile Include="..\source\MP4.PADB.cpp">
      <Filter>Source Files</Filter>
    </ClCompile>
    <ClCompile Include="..\source\MP4.Parser.cpp">
      <Filter>Source Files</Filter>
    </ClCompile>
    <ClCompile Include="..\source\MP4.PDIN.cpp">
      <Filter>Source Files</Filter>
    </ClCompile>
    <ClCompile Include="..\source\MP4.PITM.cpp">
      <Filter>Source Files</Filter>
    </ClCompile>
    <ClCompile Include="..\source\MP4.SBGP.cpp">
      <Filter>Source Files</Filter>
    </ClCompile>
    <ClCompile Include="..\source\MP4.SCHI.cpp">
      <Filter>Source Files</Filter>
    </ClCompile>
    <ClCompile Include="..\source\MP4.SCHM.cpp">
      <Filter>Source Files</Filter>
    </ClCompile>
    <ClCompile Include="..\source\MP4.SDTP.cpp">
      <Filter>Source Files</Filter>
    </ClCompile>
    <ClCompile Include="..\source\MP4.SGPD.cpp">
      <Filter>Source Files</Filter>
    </ClCompile>
    <ClCompile Include="..\source\MP4.SMHD.cpp">
      <Filter>Source Files</Filter>
    </ClCompile>
    <ClCompile Include="..\source\MP4.STCO.cpp">
      <Filter>Source Files</Filter>
    </ClCompile>
    <ClCompile Include="..\source\MP4.STDP.cpp">
      <Filter>Source Files</Filter>
    </ClCompile>
    <ClCompile Include="..\source\MP4.STSC.cpp">
      <Filter>Source Files</Filter>
    </ClCompile>
    <ClCompile Include="..\source\MP4.STSD.cpp">
      <Filter>Source Files</Filter>
    </ClCompile>
    <ClCompile Include="..\source\MP4.STSH.cpp">
      <Filter>Source Files</Filter>
    </ClCompile>
    <ClCompile Include="..\source\MP4.STSS.cpp">
      <Filter>Source Files</Filter>
    </ClCompile>
    <ClCompile Include="..\source\MP4.STSZ.cpp">
      <Filter>Source Files</Filter>
    </ClCompile>
    <ClCompile Include="..\source\MP4.STTS.cpp">
      <Filter>Source Files</Filter>
    </ClCompile>
    <ClCompile Include="..\source\MP4.STZ2.cpp">
      <Filter>Source Files</Filter>
    </ClCompile>
    <ClCompile Include="..\source\MP4.SUBS.cpp">
      <Filter>Source Files</Filter>
    </ClCompile>
    <ClCompile Include="..\source\MP4.TFHD.cpp">
      <Filter>Source Files</Filter>
    </ClCompile>
    <ClCompile Include="..\source\MP4.TFRA.cpp">
      <Filter>Source Files</Filter>
    </ClCompile>
    <ClCompile Include="..\source\MP4.TKHD.cpp">
      <Filter>Source Files</Filter>
    </ClCompile>
    <ClCompile Include="..\source\MP4.TREF.cpp">
      <Filter>Source Files</Filter>
    </ClCompile>
    <ClCompile Include="..\source\MP4.TREX.cpp">
      <Filter>Source Files</Filter>
    </ClCompile>
    <ClCompile Include="..\source\MP4.TRUN.cpp">
      <Filter>Source Files</Filter>
    </ClCompile>
    <ClCompile Include="..\source\MP4.UDTA.cpp">
      <Filter>Source Files</Filter>
    </ClCompile>
    <ClCompile Include="..\source\MP4.UnknownAtom.cpp">
      <Filter>Source Files</Filter>
    </ClCompile>
    <ClCompile Include="..\source\MP4.VMHD.cpp">
      <Filter>Source Files</Filter>
    </ClCompile>
    <ClCompile Include="..\source\MP4.XML.cpp">
      <Filter>Source Files</Filter>
    </ClCompile>
  </ItemGroup>
  <ItemGroup>
    <ClInclude Include="..\source\include\atoms.h">
      <Filter>Header Files</Filter>
    </ClInclude>
    <ClInclude Include="..\source\include\MP4.Atom.h">
      <Filter>Header Files</Filter>
    </ClInclude>
    <ClInclude Include="..\source\include\MP4.BinaryStream.h">
      <Filter>Header Files</Filter>
    </ClInclude>
    <ClInclude Include="..\source\include\MP4.BXML.h">
      <Filter>Header Files</Filter>
    </ClInclude>
    <ClInclude Include="..\source\include\MP4.CO64.h">
      <Filter>Header Files</Filter>
    </ClInclude>
    <ClInclude Include="..\source\include\MP4.ContainerAtom.h">
      <Filter>Header Files</Filter>
    </ClInclude>
    <ClInclude Include="..\source\include\MP4.CPRT.h">
      <Filter>Header Files</Filter>
    </ClInclude>
    <ClInclude Include="..\source\include\MP4.CTTS.h">
      <Filter>Header Files</Filter>
    </ClInclude>
    <ClInclude Include="..\source\include\MP4.DataAtom.h">
      <Filter>Header Files</Filter>
    </ClInclude>
    <ClInclude Include="..\source\include\MP4.DREF.h">
      <Filter>Header Files</Filter>
    </ClInclude>
    <ClInclude Include="..\source\include\MP4.ELST.h">
      <Filter>Header Files</Filter>
    </ClInclude>
    <ClInclude Include="..\source\include\MP4.File.h">
      <Filter>Header Files</Filter>
    </ClInclude>
    <ClInclude Include="..\source\include\MP4.FREE.h">
      <Filter>Header Files</Filter>
    </ClInclude>
    <ClInclude Include="..\source\include\MP4.FRMA.h">
      <Filter>Header Files</Filter>
    </ClInclude>
    <ClInclude Include="..\source\include\MP4.FTYP.h">
      <Filter>Header Files</Filter>
    </ClInclude>
    <ClInclude Include="..\source\include\MP4.FullBox.h">
      <Filter>Header Files</Filter>
    </ClInclude>
    <ClInclude Include="..\source\include\mp4.h">
      <Filter>Header Files</Filter>
    </ClInclude>
    <ClInclude Include="..\source\include\MP4.HDLR.h">
      <Filter>Header Files</Filter>
    </ClInclude>
    <ClInclude Include="..\source\include\MP4.HMHD.h">
      <Filter>Header Files</Filter>
    </ClInclude>
    <ClInclude Include="..\source\include\MP4.IINF.h">
      <Filter>Header Files</Filter>
    </ClInclude>
    <ClInclude Include="..\source\include\MP4.ILOC.h">
      <Filter>Header Files</Filter>
    </ClInclude>
    <ClInclude Include="..\source\include\MP4.IMIF.h">
      <Filter>Header Files</Filter>
    </ClInclude>
    <ClInclude Include="..\source\include\MP4.IPMC.h">
      <Filter>Header Files</Filter>
    </ClInclude>
    <ClInclude Include="..\source\include\MP4.MDAT.h">
      <Filter>Header Files</Filter>
    </ClInclude>
    <ClInclude Include="..\source\include\MP4.MDHD.h">
      <Filter>Header Files</Filter>
    </ClInclude>
    <ClInclude Include="..\source\include\MP4.MEHD.h">
      <Filter>Header Files</Filter>
    </ClInclude>
    <ClInclude Include="..\source\include\MP4.MFHD.h">
      <Filter>Header Files</Filter>
    </ClInclude>
    <ClInclude Include="..\source\include\MP4.MFRO.h">
      <Filter>Header Files</Filter>
    </ClInclude>
    <ClInclude Include="..\source\include\MP4.MVHD.h">
      <Filter>Header Files</Filter>
    </ClInclude>
    <ClInclude Include="..\source\include\MP4.PADB.h">
      <Filter>Header Files</Filter>
    </ClInclude>
    <ClInclude Include="..\source\include\MP4.Parser.h">
      <Filter>Header Files</Filter>
    </ClInclude>
    <ClInclude Include="..\source\include\MP4.PDIN.h">
      <Filter>Header Files</Filter>
    </ClInclude>
    <ClInclude Include="..\source\include\MP4.PITM.h">
      <Filter>Header Files</Filter>
    </ClInclude>
    <ClInclude Include="..\source\include\MP4.SBGP.h">
      <Filter>Header Files</Filter>
    </ClInclude>
    <ClInclude Include="..\source\include\MP4.SCHI.h">
      <Filter>Header Files</Filter>
    </ClInclude>
    <ClInclude Include="..\source\include\MP4.SCHM.h">
      <Filter>Header Files</Filter>
    </ClInclude>
    <ClInclude Include="..\source\include\MP4.SDTP.h">
      <Filter>Header Files</Filter>
    </ClInclude>
    <ClInclude Include="..\source\include\MP4.SGPD.h">
      <Filter>Header Files</Filter>
    </ClInclude>
    <ClInclude Include="..\source\include\MP4.SMHD.h">
      <Filter>Header Files</Filter>
    </ClInclude>
    <ClInclude Include="..\source\include\MP4.STCO.h">
      <Filter>Header Files</Filter>
    </ClInclude>
    <ClInclude Include="..\source\include\MP4.STDP.h">
      <Filter>Header Files</Filter>
    </ClInclude>
    <ClInclude Include="..\source\include\MP4.STSC.h">
      <Filter>Header Files</Filter>
    </ClInclude>
    <ClInclude Include="..\source\include\MP4.STSD.h">
      <Filter>Header Files</Filter>
    </ClInclude>
    <ClInclude Include="..\source\include\MP4.STSH.h">
      <Filter>Header Files</Filter>
    </ClInclude>
    <ClInclude Include="..\source\include\MP4.STSS.h">
      <Filter>Header Files</Filter>
    </ClInclude>
    <ClInclude Include="..\source\include\MP4.STSZ.h">
      <Filter>Header Files</Filter>
    </ClInclude>
    <ClInclude Include="..\source\include\MP4.STTS.h">
      <Filter>Header Files</Filter>
    </ClInclude>
    <ClInclude Include="..\source\include\MP4.STZ2.h">
      <Filter>Header Files</Filter>
    </ClInclude>
    <ClInclude Include="..\source\include\MP4.SUBS.h">
      <Filter>Header Files</Filter>
    </ClInclude>
    <ClInclude Include="..\source\include\MP4.TFHD.h">
      <Filter>Header Files</Filter>
    </ClInclude>
    <ClInclude Include="..\source\include\MP4.TFRA.h">
      <Filter>Header Files</Filter>
    </ClInclude>
    <ClInclude Include="..\source\include\MP4.TKHD.h">
      <Filter>Header Files</Filter>
    </ClInclude>
    <ClInclude Include="..\source\include\MP4.TREF.h">
      <Filter>Header Files</Filter>
    </ClInclude>
    <ClInclude Include="..\source\include\MP4.TREX.h">
      <Filter>Header Files</Filter>
    </ClInclude>
    <ClInclude Include="..\source\include\MP4.TRUN.h">
      <Filter>Header Files</Filter>
    </ClInclude>
    <ClInclude Include="..\source\include\MP4.UDTA.h">
      <Filter>Header Files</Filter>
    </ClInclude>
    <ClInclude Include="..\source\include\MP4.UnknownAtom.h">
      <Filter>Header Files</Filter>
    </ClInclude>
    <ClInclude Include="..\source\include\MP4.VMHD.h">
      <Filter>Header Files</Filter>
    </ClInclude>
    <ClInclude Include="..\source\include\MP4.XML.h">
      <Filter>Header Files</Filter>
    </ClInclude>
    <ClInclude Include="..\source\include\stdc.h">
      <Filter>Header Files</Filter>
    </ClInclude>
    <ClInclude Include="..\source\include\stl.h">
      <Filter>Header Files</Filter>
    </ClInclude>
    <ClInclude Include="..\source\include\types.h">
      <Filter>Header Files</Filter>
    </ClInclude>
  </ItemGroup>
</Project>